
Microsoft Visual Studio Solution File, Format Version 12.00
# Visual Studio Version 16
VisualStudioVersion = 25.0.1700.0
MinimumVisualStudioVersion = 10.0.40219.1
Project("{FAE04EC0-301F-11D3-BF4B-00C04F79EFBC}") = "HabitTracker", "HabitTracker\HabitTracker.csproj", "{EBC83F99-B6A3-4DAA-801A-D8810E233B80}"
EndProject
Global
	GlobalSection(SolutionConfigurationPlatforms) = preSolution
		Debug|Any CPU = Debug|Any CPU
		Release|Any CPU = Release|Any CPU
	EndGlobalSection
	GlobalSection(ProjectConfigurationPlatforms) = postSolution
		{EBC83F99-B6A3-4DAA-801A-D8810E233B80}.Debug|Any CPU.ActiveCfg = Debug|Any CPU
		{EBC83F99-B6A3-4DAA-801A-D8810E233B80}.Debug|Any CPU.Build.0 = Debug|Any CPU
		{EBC83F99-B6A3-4DAA-801A-D8810E233B80}.Release|Any CPU.ActiveCfg = Release|Any CPU
		{EBC83F99-B6A3-4DAA-801A-D8810E233B80}.Release|Any CPU.Build.0 = Release|Any CPU
	EndGlobalSection
	GlobalSection(SolutionProperties) = preSolution
		HideSolutionNode = FALSE
	EndGlobalSection
	GlobalSection(ExtensibilityGlobals) = postSolution
		SolutionGuid = {EE7308FF-DBE5-4FD6-822E-908B31268486}
	EndGlobalSection
EndGlobal
